
Microsoft Visual Studio Solution File, Format Version 12.00
# Visual Studio 2013
VisualStudioVersion = 12.0.31101.0
MinimumVisualStudioVersion = 10.0.40219.1
Project("{FAE04EC0-301F-11D3-BF4B-00C04F79EFBC}") = "AppointmentReminder4", "AppointmentReminder4\AppointmentReminder4.csproj", "{A1FCCE71-CBFB-47C2-994D-51ABD0253EB1}"
EndProject
Project("{2150E333-8FDC-42A3-9474-1A3956D46DE8}") = "PublishScripts", "PublishScripts", "{5AFCD44A-1046-4DA5-831E-671F5F73546D}"
	ProjectSection(SolutionItems) = preProject
		PublishScripts\AzureWebsitePublishModule.psm1 = PublishScripts\AzureWebsitePublishModule.psm1
		PublishScripts\Publish-WebApplicationWebsite.ps1 = PublishScripts\Publish-WebApplicationWebsite.ps1
	EndProjectSection
EndProject
Project("{2150E333-8FDC-42A3-9474-1A3956D46DE8}") = "Configurations", "Configurations", "{4AE6A082-0CAF-4304-AD24-C80915DBCD43}"
	ProjectSection(SolutionItems) = preProject
		PublishScripts\Configurations\AppointmentReminder4-WAWS-dev.json = PublishScripts\Configurations\AppointmentReminder4-WAWS-dev.json
	EndProjectSection
EndProject
Project("{2150E333-8FDC-42A3-9474-1A3956D46DE8}") = ".nuget", ".nuget", "{E300B96F-8E28-41A8-AAD0-A15170221D6A}"
	ProjectSection(SolutionItems) = preProject
		.nuget\packages.config = .nuget\packages.config
	EndProjectSection
EndProject
Global
	GlobalSection(SolutionConfigurationPlatforms) = preSolution
		Debug|Any CPU = Debug|Any CPU
		Release|Any CPU = Release|Any CPU
	EndGlobalSection
	GlobalSection(ProjectConfigurationPlatforms) = postSolution
		{A1FCCE71-CBFB-47C2-994D-51ABD0253EB1}.Debug|Any CPU.ActiveCfg = Debug|Any CPU
		{A1FCCE71-CBFB-47C2-994D-51ABD0253EB1}.Debug|Any CPU.Build.0 = Debug|Any CPU
		{A1FCCE71-CBFB-47C2-994D-51ABD0253EB1}.Release|Any CPU.ActiveCfg = Release|Any CPU
		{A1FCCE71-CBFB-47C2-994D-51ABD0253EB1}.Release|Any CPU.Build.0 = Release|Any CPU
	EndGlobalSection
	GlobalSection(SolutionProperties) = preSolution
		HideSolutionNode = FALSE
	EndGlobalSection
	GlobalSection(NestedProjects) = preSolution
		{4AE6A082-0CAF-4304-AD24-C80915DBCD43} = {5AFCD44A-1046-4DA5-831E-671F5F73546D}
	EndGlobalSection
EndGlobal
